
Microsoft Visual Studio Solution File, Format Version 12.00
# Visual Studio Version 16
VisualStudioVersion = 16.0.33214.272
MinimumVisualStudioVersion = 10.0.40219.1
Project("{FAE04EC0-301F-11D3-BF4B-00C04F79EFBC}") = "xmltool", "xmltool\xmltool.csproj", "{5ED8554F-C44A-4653-9872-42A57F68663F}"
EndProject
Global
	GlobalSection(SolutionConfigurationPlatforms) = preSolution
		Debug|Any CPU = Debug|Any CPU
		Release|Any CPU = Release|Any CPU
	EndGlobalSection
	GlobalSection(ProjectConfigurationPlatforms) = postSolution
		{5ED8554F-C44A-4653-9872-42A57F68663F}.Debug|Any CPU.ActiveCfg = Debug|Any CPU
		{5ED8554F-C44A-4653-9872-42A57F68663F}.Debug|Any CPU.Build.0 = Debug|Any CPU
		{5ED8554F-C44A-4653-9872-42A57F68663F}.Release|Any CPU.ActiveCfg = Release|Any CPU
		{5ED8554F-C44A-4653-9872-42A57F68663F}.Release|Any CPU.Build.0 = Release|Any CPU
	EndGlobalSection
	GlobalSection(SolutionProperties) = preSolution
		HideSolutionNode = FALSE
	EndGlobalSection
	GlobalSection(ExtensibilityGlobals) = postSolution
		SolutionGuid = {152F246E-FA4F-40F1-B161-E7C674818FF5}
	EndGlobalSection
EndGlobal
